
Microsoft Visual Studio Solution File, Format Version 12.00
# Visual Studio Version 17
VisualStudioVersion = 17.11.35222.181
MinimumVisualStudioVersion = 10.0.40219.1
Project("{FAE04EC0-301F-11D3-BF4B-00C04F79EFBC}") = "moedasv1", "moedasv1.csproj", "{5B9977EC-9F89-4AD6-8A2E-2CA65FA7C3AA}"
EndProject
Global
	GlobalSection(SolutionConfigurationPlatforms) = preSolution
		Debug|Any CPU = Debug|Any CPU
		Release|Any CPU = Release|Any CPU
	EndGlobalSection
	GlobalSection(ProjectConfigurationPlatforms) = postSolution
		{5B9977EC-9F89-4AD6-8A2E-2CA65FA7C3AA}.Debug|Any CPU.ActiveCfg = Debug|Any CPU
		{5B9977EC-9F89-4AD6-8A2E-2CA65FA7C3AA}.Debug|Any CPU.Build.0 = Debug|Any CPU
		{5B9977EC-9F89-4AD6-8A2E-2CA65FA7C3AA}.Release|Any CPU.ActiveCfg = Release|Any CPU
		{5B9977EC-9F89-4AD6-8A2E-2CA65FA7C3AA}.Release|Any CPU.Build.0 = Release|Any CPU
	EndGlobalSection
	GlobalSection(SolutionProperties) = preSolution
		HideSolutionNode = FALSE
	EndGlobalSection
	GlobalSection(ExtensibilityGlobals) = postSolution
		SolutionGuid = {CBF41F34-1E79-4D5D-AA24-41DDD5A728A8}
	EndGlobalSection
EndGlobal
